
Microsoft Visual Studio Solution File, Format Version 12.00
# Visual Studio Version 16
VisualStudioVersion = 16.0.31424.327
MinimumVisualStudioVersion = 10.0.40219.1
Project("{9A19103F-16F7-4668-BE54-9A1E7A4F7556}") = "WebApiDemo2", "WebApiDemo2.csproj", "{1708A5AD-0915-4541-B006-E724DBECBD30}"
EndProject
Global
	GlobalSection(SolutionConfigurationPlatforms) = preSolution
		Debug|Any CPU = Debug|Any CPU
		Release|Any CPU = Release|Any CPU
	EndGlobalSection
	GlobalSection(ProjectConfigurationPlatforms) = postSolution
		{1708A5AD-0915-4541-B006-E724DBECBD30}.Debug|Any CPU.ActiveCfg = Debug|Any CPU
		{1708A5AD-0915-4541-B006-E724DBECBD30}.Debug|Any CPU.Build.0 = Debug|Any CPU
		{1708A5AD-0915-4541-B006-E724DBECBD30}.Release|Any CPU.ActiveCfg = Release|Any CPU
		{1708A5AD-0915-4541-B006-E724DBECBD30}.Release|Any CPU.Build.0 = Release|Any CPU
	EndGlobalSection
	GlobalSection(SolutionProperties) = preSolution
		HideSolutionNode = FALSE
	EndGlobalSection
	GlobalSection(ExtensibilityGlobals) = postSolution
		SolutionGuid = {7734FDE1-36B0-4B87-A487-2AD723F9FD02}
	EndGlobalSection
EndGlobal
